
Microsoft Visual Studio Solution File, Format Version 12.00
# Visual Studio Version 16
VisualStudioVersion = 16.0.29613.14
MinimumVisualStudioVersion = 10.0.40219.1
Project("{FAE04EC0-301F-11D3-BF4B-00C04F79EFBC}") = "Tarea1.ProgramacionAplicada1", "Tarea1.ProgramacionAplicada1\Tarea1.ProgramacionAplicada1.csproj", "{90BCB35F-B60D-4478-A624-F8E165FA8826}"
EndProject
Global
	GlobalSection(SolutionConfigurationPlatforms) = preSolution
		Debug|Any CPU = Debug|Any CPU
		Release|Any CPU = Release|Any CPU
	EndGlobalSection
	GlobalSection(ProjectConfigurationPlatforms) = postSolution
		{90BCB35F-B60D-4478-A624-F8E165FA8826}.Debug|Any CPU.ActiveCfg = Debug|Any CPU
		{90BCB35F-B60D-4478-A624-F8E165FA8826}.Debug|Any CPU.Build.0 = Debug|Any CPU
		{90BCB35F-B60D-4478-A624-F8E165FA8826}.Release|Any CPU.ActiveCfg = Release|Any CPU
		{90BCB35F-B60D-4478-A624-F8E165FA8826}.Release|Any CPU.Build.0 = Release|Any CPU
	EndGlobalSection
	GlobalSection(SolutionProperties) = preSolution
		HideSolutionNode = FALSE
	EndGlobalSection
	GlobalSection(ExtensibilityGlobals) = postSolution
		SolutionGuid = {789BF564-B463-4BD5-BE17-97A364D4C8AD}
	EndGlobalSection
EndGlobal
